
Microsoft Visual Studio Solution File, Format Version 11.00
# Visual C# Express 2010
Project("{FAE04EC0-301F-11D3-BF4B-00C04F79EFBC}") = "InchesToFeet", "InchesToFeet\InchesToFeet.csproj", "{B52E6ECC-03DA-4FD3-8D17-786C3DB6AAD0}"
EndProject
Project("{FAE04EC0-301F-11D3-BF4B-00C04F79EFBC}") = "ConsoleApplication1", "ConsoleApplication1\ConsoleApplication1.csproj", "{96B0813A-92B6-4066-A0AB-2F2F76FDD430}"
EndProject
Project("{FAE04EC0-301F-11D3-BF4B-00C04F79EFBC}") = "ConsoleApplication2", "ConsoleApplication2\ConsoleApplication2.csproj", "{3DFFA549-BD55-43D4-BD82-0F786CC83938}"
EndProject
Project("{FAE04EC0-301F-11D3-BF4B-00C04F79EFBC}") = "ConsoleApplication3", "ConsoleApplication3\ConsoleApplication3.csproj", "{13189226-38B9-4B6F-A452-907382BA2ED2}"
EndProject
Project("{FAE04EC0-301F-11D3-BF4B-00C04F79EFBC}") = "ConsoleApplication4", "ConsoleApplication4\ConsoleApplication4.csproj", "{A8ACEB8D-4F59-478A-8F56-5758D95BEA98}"
EndProject
Project("{FAE04EC0-301F-11D3-BF4B-00C04F79EFBC}") = "ConsoleApplication5", "ConsoleApplication5\ConsoleApplication5.csproj", "{83944977-8AAD-455A-9E39-474F9CBA059F}"
EndProject
Global
	GlobalSection(SolutionConfigurationPlatforms) = preSolution
		Debug|x86 = Debug|x86
		Release|x86 = Release|x86
	EndGlobalSection
	GlobalSection(ProjectConfigurationPlatforms) = postSolution
		{B52E6ECC-03DA-4FD3-8D17-786C3DB6AAD0}.Debug|x86.ActiveCfg = Debug|x86
		{B52E6ECC-03DA-4FD3-8D17-786C3DB6AAD0}.Debug|x86.Build.0 = Debug|x86
		{B52E6ECC-03DA-4FD3-8D17-786C3DB6AAD0}.Release|x86.ActiveCfg = Release|x86
		{B52E6ECC-03DA-4FD3-8D17-786C3DB6AAD0}.Release|x86.Build.0 = Release|x86
		{96B0813A-92B6-4066-A0AB-2F2F76FDD430}.Debug|x86.ActiveCfg = Debug|x86
		{96B0813A-92B6-4066-A0AB-2F2F76FDD430}.Debug|x86.Build.0 = Debug|x86
		{96B0813A-92B6-4066-A0AB-2F2F76FDD430}.Release|x86.ActiveCfg = Release|x86
		{96B0813A-92B6-4066-A0AB-2F2F76FDD430}.Release|x86.Build.0 = Release|x86
		{3DFFA549-BD55-43D4-BD82-0F786CC83938}.Debug|x86.ActiveCfg = Debug|x86
		{3DFFA549-BD55-43D4-BD82-0F786CC83938}.Debug|x86.Build.0 = Debug|x86
		{3DFFA549-BD55-43D4-BD82-0F786CC83938}.Release|x86.ActiveCfg = Release|x86
		{3DFFA549-BD55-43D4-BD82-0F786CC83938}.Release|x86.Build.0 = Release|x86
		{13189226-38B9-4B6F-A452-907382BA2ED2}.Debug|x86.ActiveCfg = Debug|x86
		{13189226-38B9-4B6F-A452-907382BA2ED2}.Debug|x86.Build.0 = Debug|x86
		{13189226-38B9-4B6F-A452-907382BA2ED2}.Release|x86.ActiveCfg = Release|x86
		{13189226-38B9-4B6F-A452-907382BA2ED2}.Release|x86.Build.0 = Release|x86
		{A8ACEB8D-4F59-478A-8F56-5758D95BEA98}.Debug|x86.ActiveCfg = Debug|x86
		{A8ACEB8D-4F59-478A-8F56-5758D95BEA98}.Debug|x86.Build.0 = Debug|x86
		{A8ACEB8D-4F59-478A-8F56-5758D95BEA98}.Release|x86.ActiveCfg = Release|x86
		{A8ACEB8D-4F59-478A-8F56-5758D95BEA98}.Release|x86.Build.0 = Release|x86
		{83944977-8AAD-455A-9E39-474F9CBA059F}.Debug|x86.ActiveCfg = Debug|x86
		{83944977-8AAD-455A-9E39-474F9CBA059F}.Debug|x86.Build.0 = Debug|x86
		{83944977-8AAD-455A-9E39-474F9CBA059F}.Release|x86.ActiveCfg = Release|x86
		{83944977-8AAD-455A-9E39-474F9CBA059F}.Release|x86.Build.0 = Release|x86
	EndGlobalSection
	GlobalSection(SolutionProperties) = preSolution
		HideSolutionNode = FALSE
	EndGlobalSection
EndGlobal
